{
  "object": {
    "pins": [
      {
        "package": "SSNetwork",
        "repositoryURL": "https://github.com/zhtut/SSNetwork.git",
        "state": {
          "branch": null,
          "revision": "87fb02534f4f8d8c331ecae63df36287edbd59a2",
          "version": "1.0.2"
        }
      }
    ]
  },
  "version": 1
}
